// !$*UTF8*$!
{
	archiveVersion = 1;
	classes = {
	};
	objectVersion = 50;
	objects = {

/* Begin PBXBuildFile section */
		603CFA1423CA029200883397 /* TabBarController.swift in Sources */ = {isa = PBXBuildFile; fileRef = 603CFA1323CA029200883397 /* TabBarController.swift */; };
		603CFA1623CA07F200883397 /* BaseViewModel.swift in Sources */ = {isa = PBXBuildFile; fileRef = 603CFA1523CA07F200883397 /* BaseViewModel.swift */; };
		603CFA1823CA138200883397 /* UserManager.swift in Sources */ = {isa = PBXBuildFile; fileRef = 603CFA1723CA138200883397 /* UserManager.swift */; };
		603CFA1A23CA142700883397 /* LoginCoordinator.swift in Sources */ = {isa = PBXBuildFile; fileRef = 603CFA1923CA142700883397 /* LoginCoordinator.swift */; };
		603D7E1523C9F7C500EE2A10 /* ProductCoordinator.swift in Sources */ = {isa = PBXBuildFile; fileRef = 603D7E1423C9F7C500EE2A10 /* ProductCoordinator.swift */; };
		603D7E1A23C9FCCC00EE2A10 /* ViewModel.swift in Sources */ = {isa = PBXBuildFile; fileRef = 603D7E1923C9FCCC00EE2A10 /* ViewModel.swift */; };
		60D755CB23CA6D0400F49D29 /* LoginViewController.swift in Sources */ = {isa = PBXBuildFile; fileRef = 60D755CA23CA6D0400F49D29 /* LoginViewController.swift */; };
		60D755CD23CA6D2700F49D29 /* Login.storyboard in Resources */ = {isa = PBXBuildFile; fileRef = 60D755CC23CA6D2700F49D29 /* Login.storyboard */; };
		60D755CF23CA6D9100F49D29 /* LoginFlow.swift in Sources */ = {isa = PBXBuildFile; fileRef = 60D755CE23CA6D9100F49D29 /* LoginFlow.swift */; };
		60D755D123CA6E8B00F49D29 /* ProductFlow.swift in Sources */ = {isa = PBXBuildFile; fileRef = 60D755D023CA6E8B00F49D29 /* ProductFlow.swift */; };
		60D755D423CA6F0100F49D29 /* MainFlow.swift in Sources */ = {isa = PBXBuildFile; fileRef = 60D755D323CA6F0100F49D29 /* MainFlow.swift */; };
		60D755D623CA6F4F00F49D29 /* LoginViewModel.swift in Sources */ = {isa = PBXBuildFile; fileRef = 60D755D523CA6F4F00F49D29 /* LoginViewModel.swift */; };
		60D755D923CA7D5B00F49D29 /* UITextField+Extension.swift in Sources */ = {isa = PBXBuildFile; fileRef = 60D755D823CA7D5B00F49D29 /* UITextField+Extension.swift */; };
		60D755DB23CA906B00F49D29 /* String+Extension.swift in Sources */ = {isa = PBXBuildFile; fileRef = 60D755DA23CA906B00F49D29 /* String+Extension.swift */; };
		60D755DF23CB3DD300F49D29 /* RegistrationViewController.swift in Sources */ = {isa = PBXBuildFile; fileRef = 60D755DE23CB3DD300F49D29 /* RegistrationViewController.swift */; };
		60D755E123CB3F8800F49D29 /* RegistrationViewModel.swift in Sources */ = {isa = PBXBuildFile; fileRef = 60D755E023CB3F8800F49D29 /* RegistrationViewModel.swift */; };
		64573A9623D9F4BA009E5476 /* OtherTabCoordinator.swift in Sources */ = {isa = PBXBuildFile; fileRef = 64573A9523D9F4BA009E5476 /* OtherTabCoordinator.swift */; };
		64573A9823D9F4DF009E5476 /* OtherTab.storyboard in Resources */ = {isa = PBXBuildFile; fileRef = 64573A9723D9F4DF009E5476 /* OtherTab.storyboard */; };
		64573A9A23D9F505009E5476 /* OtherTabViewController.swift in Sources */ = {isa = PBXBuildFile; fileRef = 64573A9923D9F505009E5476 /* OtherTabViewController.swift */; };
		64573A9C23D9F540009E5476 /* OtherTabFlow.swift in Sources */ = {isa = PBXBuildFile; fileRef = 64573A9B23D9F540009E5476 /* OtherTabFlow.swift */; };
		64F3B00D23BF878D00787F49 /* AppDelegate.swift in Sources */ = {isa = PBXBuildFile; fileRef = 64F3B00C23BF878D00787F49 /* AppDelegate.swift */; };
		64F3B00F23BF878D00787F49 /* SceneDelegate.swift in Sources */ = {isa = PBXBuildFile; fileRef = 64F3B00E23BF878D00787F49 /* SceneDelegate.swift */; };
		64F3B01423BF878D00787F49 /* Main.storyboard in Resources */ = {isa = PBXBuildFile; fileRef = 64F3B01223BF878D00787F49 /* Main.storyboard */; };
		64F3B01623BF879000787F49 /* Assets.xcassets in Resources */ = {isa = PBXBuildFile; fileRef = 64F3B01523BF879000787F49 /* Assets.xcassets */; };
		64F3B01923BF879000787F49 /* LaunchScreen.storyboard in Resources */ = {isa = PBXBuildFile; fileRef = 64F3B01723BF879000787F49 /* LaunchScreen.storyboard */; };
		64F3B02123BF884800787F49 /* Coordinator.swift in Sources */ = {isa = PBXBuildFile; fileRef = 64F3B02023BF884800787F49 /* Coordinator.swift */; };
		64F3B02323BF891700787F49 /* Storyboarded.swift in Sources */ = {isa = PBXBuildFile; fileRef = 64F3B02223BF891700787F49 /* Storyboarded.swift */; };
		64F3B02723BF8EA700787F49 /* ProductsTableViewController.swift in Sources */ = {isa = PBXBuildFile; fileRef = 64F3B02623BF8EA700787F49 /* ProductsTableViewController.swift */; };
		64F3B02B23BF939B00787F49 /* BaseCoordinator.swift in Sources */ = {isa = PBXBuildFile; fileRef = 64F3B02A23BF939B00787F49 /* BaseCoordinator.swift */; };
		64F3B03123BF965C00787F49 /* ProductDetailTableViewController.swift in Sources */ = {isa = PBXBuildFile; fileRef = 64F3B03023BF965C00787F49 /* ProductDetailTableViewController.swift */; };
		64FEECBB23C38D6A00B5738F /* Product.swift in Sources */ = {isa = PBXBuildFile; fileRef = 64FEECBA23C38D6A00B5738F /* Product.swift */; };
/* End PBXBuildFile section */

/* Begin PBXFileReference section */
		603CFA1323CA029200883397 /* TabBarController.swift */ = {isa = PBXFileReference; lastKnownFileType = sourcecode.swift; path = TabBarController.swift; sourceTree = "<group>"; };
		603CFA1523CA07F200883397 /* BaseViewModel.swift */ = {isa = PBXFileReference; lastKnownFileType = sourcecode.swift; path = BaseViewModel.swift; sourceTree = "<group>"; };
		603CFA1723CA138200883397 /* UserManager.swift */ = {isa = PBXFileReference; lastKnownFileType = sourcecode.swift; path = UserManager.swift; sourceTree = "<group>"; };
		603CFA1923CA142700883397 /* LoginCoordinator.swift */ = {isa = PBXFileReference; lastKnownFileType = sourcecode.swift; path = LoginCoordinator.swift; sourceTree = "<group>"; };
		603D7E1423C9F7C500EE2A10 /* ProductCoordinator.swift */ = {isa = PBXFileReference; lastKnownFileType = sourcecode.swift; path = ProductCoordinator.swift; sourceTree = "<group>"; };
		603D7E1923C9FCCC00EE2A10 /* ViewModel.swift */ = {isa = PBXFileReference; lastKnownFileType = sourcecode.swift; path = ViewModel.swift; sourceTree = "<group>"; };
		60D755CA23CA6D0400F49D29 /* LoginViewController.swift */ = {isa = PBXFileReference; lastKnownFileType = sourcecode.swift; path = LoginViewController.swift; sourceTree = "<group>"; };
		60D755CC23CA6D2700F49D29 /* Login.storyboard */ = {isa = PBXFileReference; lastKnownFileType = file.storyboard; path = Login.storyboard; sourceTree = "<group>"; };
		60D755CE23CA6D9100F49D29 /* LoginFlow.swift */ = {isa = PBXFileReference; lastKnownFileType = sourcecode.swift; path = LoginFlow.swift; sourceTree = "<group>"; };
		60D755D023CA6E8B00F49D29 /* ProductFlow.swift */ = {isa = PBXFileReference; lastKnownFileType = sourcecode.swift; path = ProductFlow.swift; sourceTree = "<group>"; };
		60D755D323CA6F0100F49D29 /* MainFlow.swift */ = {isa = PBXFileReference; lastKnownFileType = sourcecode.swift; path = MainFlow.swift; sourceTree = "<group>"; };
		60D755D523CA6F4F00F49D29 /* LoginViewModel.swift */ = {isa = PBXFileReference; lastKnownFileType = sourcecode.swift; path = LoginViewModel.swift; sourceTree = "<group>"; };
		60D755D823CA7D5B00F49D29 /* UITextField+Extension.swift */ = {isa = PBXFileReference; lastKnownFileType = sourcecode.swift; path = "UITextField+Extension.swift"; sourceTree = "<group>"; };
		60D755DA23CA906B00F49D29 /* String+Extension.swift */ = {isa = PBXFileReference; lastKnownFileType = sourcecode.swift; path = "String+Extension.swift"; sourceTree = "<group>"; };
		60D755DE23CB3DD300F49D29 /* RegistrationViewController.swift */ = {isa = PBXFileReference; lastKnownFileType = sourcecode.swift; path = RegistrationViewController.swift; sourceTree = "<group>"; };
		60D755E023CB3F8800F49D29 /* RegistrationViewModel.swift */ = {isa = PBXFileReference; lastKnownFileType = sourcecode.swift; path = RegistrationViewModel.swift; sourceTree = "<group>"; };
		64573A9523D9F4BA009E5476 /* OtherTabCoordinator.swift */ = {isa = PBXFileReference; lastKnownFileType = sourcecode.swift; path = OtherTabCoordinator.swift; sourceTree = "<group>"; };
		64573A9723D9F4DF009E5476 /* OtherTab.storyboard */ = {isa = PBXFileReference; lastKnownFileType = file.storyboard; path = OtherTab.storyboard; sourceTree = "<group>"; };
		64573A9923D9F505009E5476 /* OtherTabViewController.swift */ = {isa = PBXFileReference; lastKnownFileType = sourcecode.swift; path = OtherTabViewController.swift; sourceTree = "<group>"; };
		64573A9B23D9F540009E5476 /* OtherTabFlow.swift */ = {isa = PBXFileReference; lastKnownFileType = sourcecode.swift; path = OtherTabFlow.swift; sourceTree = "<group>"; };
		64F3B00923BF878D00787F49 /* CoordinatorPlayground.app */ = {isa = PBXFileReference; explicitFileType = wrapper.application; includeInIndex = 0; path = CoordinatorPlayground.app; sourceTree = BUILT_PRODUCTS_DIR; };
		64F3B00C23BF878D00787F49 /* AppDelegate.swift */ = {isa = PBXFileReference; lastKnownFileType = sourcecode.swift; path = AppDelegate.swift; sourceTree = "<group>"; };
		64F3B00E23BF878D00787F49 /* SceneDelegate.swift */ = {isa = PBXFileReference; lastKnownFileType = sourcecode.swift; path = SceneDelegate.swift; sourceTree = "<group>"; };
		64F3B01323BF878D00787F49 /* Base */ = {isa = PBXFileReference; lastKnownFileType = file.storyboard; name = Base; path = Base.lproj/Main.storyboard; sourceTree = "<group>"; };
		64F3B01523BF879000787F49 /* Assets.xcassets */ = {isa = PBXFileReference; lastKnownFileType = folder.assetcatalog; path = Assets.xcassets; sourceTree = "<group>"; };
		64F3B01823BF879000787F49 /* Base */ = {isa = PBXFileReference; lastKnownFileType = file.storyboard; name = Base; path = Base.lproj/LaunchScreen.storyboard; sourceTree = "<group>"; };
		64F3B01A23BF879000787F49 /* Info.plist */ = {isa = PBXFileReference; lastKnownFileType = text.plist.xml; path = Info.plist; sourceTree = "<group>"; };
		64F3B02023BF884800787F49 /* Coordinator.swift */ = {isa = PBXFileReference; lastKnownFileType = sourcecode.swift; path = Coordinator.swift; sourceTree = "<group>"; };
		64F3B02223BF891700787F49 /* Storyboarded.swift */ = {isa = PBXFileReference; lastKnownFileType = sourcecode.swift; path = Storyboarded.swift; sourceTree = "<group>"; };
		64F3B02623BF8EA700787F49 /* ProductsTableViewController.swift */ = {isa = PBXFileReference; lastKnownFileType = sourcecode.swift; path = ProductsTableViewController.swift; sourceTree = "<group>"; };
		64F3B02A23BF939B00787F49 /* BaseCoordinator.swift */ = {isa = PBXFileReference; lastKnownFileType = sourcecode.swift; path = BaseCoordinator.swift; sourceTree = "<group>"; };
		64F3B03023BF965C00787F49 /* ProductDetailTableViewController.swift */ = {isa = PBXFileReference; lastKnownFileType = sourcecode.swift; path = ProductDetailTableViewController.swift; sourceTree = "<group>"; };
		64FEECBA23C38D6A00B5738F /* Product.swift */ = {isa = PBXFileReference; lastKnownFileType = sourcecode.swift; path = Product.swift; sourceTree = "<group>"; };
/* End PBXFileReference section */

/* Begin PBXFrameworksBuildPhase section */
		64F3B00623BF878D00787F49 /* Frameworks */ = {
			isa = PBXFrameworksBuildPhase;
			buildActionMask = 2147483647;
			files = (
			);
			runOnlyForDeploymentPostprocessing = 0;
		};
/* End PBXFrameworksBuildPhase section */

/* Begin PBXGroup section */
		6008A33F23C7BFF000396782 /* Coordinator */ = {
			isa = PBXGroup;
			children = (
				64F3B02023BF884800787F49 /* Coordinator.swift */,
				64F3B02A23BF939B00787F49 /* BaseCoordinator.swift */,
			);
			path = Coordinator;
			sourceTree = "<group>";
		};
		603D7E1323C9F62600EE2A10 /* Product */ = {
			isa = PBXGroup;
			children = (
				603D7E1423C9F7C500EE2A10 /* ProductCoordinator.swift */,
				60D755D023CA6E8B00F49D29 /* ProductFlow.swift */,
				64F3B02623BF8EA700787F49 /* ProductsTableViewController.swift */,
				64F3B03023BF965C00787F49 /* ProductDetailTableViewController.swift */,
				64FEECBA23C38D6A00B5738F /* Product.swift */,
			);
			path = Product;
			sourceTree = "<group>";
		};
		603D7E1823C9FCAF00EE2A10 /* ViewModel */ = {
			isa = PBXGroup;
			children = (
				603D7E1923C9FCCC00EE2A10 /* ViewModel.swift */,
				603CFA1523CA07F200883397 /* BaseViewModel.swift */,
			);
			path = ViewModel;
			sourceTree = "<group>";
		};
		60D755C923CA6CDC00F49D29 /* Login */ = {
			isa = PBXGroup;
			children = (
				60D755CC23CA6D2700F49D29 /* Login.storyboard */,
				603CFA1923CA142700883397 /* LoginCoordinator.swift */,
				60D755CA23CA6D0400F49D29 /* LoginViewController.swift */,
				60D755CE23CA6D9100F49D29 /* LoginFlow.swift */,
				60D755D523CA6F4F00F49D29 /* LoginViewModel.swift */,
				60D755DE23CB3DD300F49D29 /* RegistrationViewController.swift */,
				60D755E023CB3F8800F49D29 /* RegistrationViewModel.swift */,
			);
			path = Login;
			sourceTree = "<group>";
		};
		60D755D223CA6ED100F49D29 /* Main */ = {
			isa = PBXGroup;
			children = (
				60D755D323CA6F0100F49D29 /* MainFlow.swift */,
				64F3B01223BF878D00787F49 /* Main.storyboard */,
				603CFA1323CA029200883397 /* TabBarController.swift */,
			);
			path = Main;
			sourceTree = "<group>";
		};
		60D755D723CA7D4800F49D29 /* Extension */ = {
			isa = PBXGroup;
			children = (
				60D755DA23CA906B00F49D29 /* String+Extension.swift */,
				60D755D823CA7D5B00F49D29 /* UITextField+Extension.swift */,
			);
			path = Extension;
			sourceTree = "<group>";
		};
		64573A9423D9F478009E5476 /* OtherTab */ = {
			isa = PBXGroup;
			children = (
				64573A9723D9F4DF009E5476 /* OtherTab.storyboard */,
				64573A9523D9F4BA009E5476 /* OtherTabCoordinator.swift */,
				64573A9B23D9F540009E5476 /* OtherTabFlow.swift */,
				64573A9923D9F505009E5476 /* OtherTabViewController.swift */,
			);
			path = OtherTab;
			sourceTree = "<group>";
		};
		64F3B00023BF878D00787F49 = {
			isa = PBXGroup;
			children = (
				64F3B00B23BF878D00787F49 /* CoordinatorPlayground */,
				64F3B00A23BF878D00787F49 /* Products */,
			);
			sourceTree = "<group>";
		};
		64F3B00A23BF878D00787F49 /* Products */ = {
			isa = PBXGroup;
			children = (
				64F3B00923BF878D00787F49 /* CoordinatorPlayground.app */,
			);
			name = Products;
			sourceTree = "<group>";
		};
		64F3B00B23BF878D00787F49 /* CoordinatorPlayground */ = {
			isa = PBXGroup;
			children = (
				60D755D223CA6ED100F49D29 /* Main */,
				6008A33F23C7BFF000396782 /* Coordinator */,
				603D7E1823C9FCAF00EE2A10 /* ViewModel */,
				603D7E1323C9F62600EE2A10 /* Product */,
				64573A9423D9F478009E5476 /* OtherTab */,
				60D755C923CA6CDC00F49D29 /* Login */,
				60D755D723CA7D4800F49D29 /* Extension */,
				64F3B00C23BF878D00787F49 /* AppDelegate.swift */,
				64F3B00E23BF878D00787F49 /* SceneDelegate.swift */,
				64F3B01523BF879000787F49 /* Assets.xcassets */,
				64F3B01723BF879000787F49 /* LaunchScreen.storyboard */,
				64F3B01A23BF879000787F49 /* Info.plist */,
				64F3B02223BF891700787F49 /* Storyboarded.swift */,
				603CFA1723CA138200883397 /* UserManager.swift */,
			);
			path = CoordinatorPlayground;
			sourceTree = "<group>";
		};
/* End PBXGroup section */

/* Begin PBXNativeTarget section */
		64F3B00823BF878D00787F49 /* CoordinatorPlayground */ = {
			isa = PBXNativeTarget;
			buildConfigurationList = 64F3B01D23BF879000787F49 /* Build configuration list for PBXNativeTarget "CoordinatorPlayground" */;
			buildPhases = (
				64F3B00523BF878D00787F49 /* Sources */,
				64F3B00623BF878D00787F49 /* Frameworks */,
				64F3B00723BF878D00787F49 /* Resources */,
			);
			buildRules = (
			);
			dependencies = (
			);
			name = CoordinatorPlayground;
			productName = CoordinatorPlayground;
			productReference = 64F3B00923BF878D00787F49 /* CoordinatorPlayground.app */;
			productType = "com.apple.product-type.application";
		};
/* End PBXNativeTarget section */

/* Begin PBXProject section */
		64F3B00123BF878D00787F49 /* Project object */ = {
			isa = PBXProject;
			attributes = {
				LastSwiftUpdateCheck = 1130;
				LastUpgradeCheck = 1130;
				ORGANIZATIONNAME = "Raphael-Alexander Berendes";
				TargetAttributes = {
					64F3B00823BF878D00787F49 = {
						CreatedOnToolsVersion = 11.3;
					};
				};
			};
			buildConfigurationList = 64F3B00423BF878D00787F49 /* Build configuration list for PBXProject "CoordinatorPlayground" */;
			compatibilityVersion = "Xcode 9.3";
			developmentRegion = en;
			hasScannedForEncodings = 0;
			knownRegions = (
				en,
				Base,
			);
			mainGroup = 64F3B00023BF878D00787F49;
			productRefGroup = 64F3B00A23BF878D00787F49 /* Products */;
			projectDirPath = "";
			projectRoot = "";
			targets = (
				64F3B00823BF878D00787F49 /* CoordinatorPlayground */,
			);
		};
/* End PBXProject section */

/* Begin PBXResourcesBuildPhase section */
		64F3B00723BF878D00787F49 /* Resources */ = {
			isa = PBXResourcesBuildPhase;
			buildActionMask = 2147483647;
			files = (
				60D755CD23CA6D2700F49D29 /* Login.storyboard in Resources */,
				64F3B01923BF879000787F49 /* LaunchScreen.storyboard in Resources */,
				64F3B01623BF879000787F49 /* Assets.xcassets in Resources */,
				64573A9823D9F4DF009E5476 /* OtherTab.storyboard in Resources */,
				64F3B01423BF878D00787F49 /* Main.storyboard in Resources */,
			);
			runOnlyForDeploymentPostprocessing = 0;
		};
/* End PBXResourcesBuildPhase section */

/* Begin PBXSourcesBuildPhase section */
		64F3B00523BF878D00787F49 /* Sources */ = {
			isa = PBXSourcesBuildPhase;
			buildActionMask = 2147483647;
			files = (
				60D755D423CA6F0100F49D29 /* MainFlow.swift in Sources */,
				64F3B02123BF884800787F49 /* Coordinator.swift in Sources */,
				603CFA1823CA138200883397 /* UserManager.swift in Sources */,
				603CFA1423CA029200883397 /* TabBarController.swift in Sources */,
				64F3B02B23BF939B00787F49 /* BaseCoordinator.swift in Sources */,
				603CFA1623CA07F200883397 /* BaseViewModel.swift in Sources */,
				64F3B03123BF965C00787F49 /* ProductDetailTableViewController.swift in Sources */,
				603D7E1A23C9FCCC00EE2A10 /* ViewModel.swift in Sources */,
				603D7E1523C9F7C500EE2A10 /* ProductCoordinator.swift in Sources */,
				64573A9A23D9F505009E5476 /* OtherTabViewController.swift in Sources */,
				64F3B02323BF891700787F49 /* Storyboarded.swift in Sources */,
				60D755DB23CA906B00F49D29 /* String+Extension.swift in Sources */,
				64573A9623D9F4BA009E5476 /* OtherTabCoordinator.swift in Sources */,
				64FEECBB23C38D6A00B5738F /* Product.swift in Sources */,
				64F3B00D23BF878D00787F49 /* AppDelegate.swift in Sources */,
				60D755CB23CA6D0400F49D29 /* LoginViewController.swift in Sources */,
				64F3B02723BF8EA700787F49 /* ProductsTableViewController.swift in Sources */,
				603CFA1A23CA142700883397 /* LoginCoordinator.swift in Sources */,
				60D755DF23CB3DD300F49D29 /* RegistrationViewController.swift in Sources */,
				60D755D923CA7D5B00F49D29 /* UITextField+Extension.swift in Sources */,
				64573A9C23D9F540009E5476 /* OtherTabFlow.swift in Sources */,
				60D755E123CB3F8800F49D29 /* RegistrationViewModel.swift in Sources */,
				64F3B00F23BF878D00787F49 /* SceneDelegate.swift in Sources */,
				60D755D123CA6E8B00F49D29 /* ProductFlow.swift in Sources */,
				60D755CF23CA6D9100F49D29 /* LoginFlow.swift in Sources */,
				60D755D623CA6F4F00F49D29 /* LoginViewModel.swift in Sources */,
			);
			runOnlyForDeploymentPostprocessing = 0;
		};
/* End PBXSourcesBuildPhase section */

/* Begin PBXVariantGroup section */
		64F3B01223BF878D00787F49 /* Main.storyboard */ = {
			isa = PBXVariantGroup;
			children = (
				64F3B01323BF878D00787F49 /* Base */,
			);
			name = Main.storyboard;
			sourceTree = "<group>";
		};
		64F3B01723BF879000787F49 /* LaunchScreen.storyboard */ = {
			isa = PBXVariantGroup;
			children = (
				64F3B01823BF879000787F49 /* Base */,
			);
			name = LaunchScreen.storyboard;
			sourceTree = "<group>";
		};
/* End PBXVariantGroup section */

/* Begin XCBuildConfiguration section */
		64F3B01B23BF879000787F49 /* Debug */ = {
			isa = XCBuildConfiguration;
			buildSettings = {
				ALWAYS_SEARCH_USER_PATHS = NO;
				CLANG_ANALYZER_NONNULL = YES;
				CLANG_ANALYZER_NUMBER_OBJECT_CONVERSION = YES_AGGRESSIVE;
				CLANG_CXX_LANGUAGE_STANDARD = "gnu++14";
				CLANG_CXX_LIBRARY = "libc++";
				CLANG_ENABLE_MODULES = YES;
				CLANG_ENABLE_OBJC_ARC = YES;
				CLANG_ENABLE_OBJC_WEAK = YES;
				CLANG_WARN_BLOCK_CAPTURE_AUTORELEASING = YES;
				CLANG_WARN_BOOL_CONVERSION = YES;
				CLANG_WARN_COMMA = YES;
				CLANG_WARN_CONSTANT_CONVERSION = YES;
				CLANG_WARN_DEPRECATED_OBJC_IMPLEMENTATIONS = YES;
				CLANG_WARN_DIRECT_OBJC_ISA_USAGE = YES_ERROR;
				CLANG_WARN_DOCUMENTATION_COMMENTS = YES;
				CLANG_WARN_EMPTY_BODY = YES;
				CLANG_WARN_ENUM_CONVERSION = YES;
				CLANG_WARN_INFINITE_RECURSION = YES;
				CLANG_WARN_INT_CONVERSION = YES;
				CLANG_WARN_NON_LITERAL_NULL_CONVERSION = YES;
				CLANG_WARN_OBJC_IMPLICIT_RETAIN_SELF = YES;
				CLANG_WARN_OBJC_LITERAL_CONVERSION = YES;
				CLANG_WARN_OBJC_ROOT_CLASS = YES_ERROR;
				CLANG_WARN_RANGE_LOOP_ANALYSIS = YES;
				CLANG_WARN_STRICT_PROTOTYPES = YES;
				CLANG_WARN_SUSPICIOUS_MOVE = YES;
				CLANG_WARN_UNGUARDED_AVAILABILITY = YES_AGGRESSIVE;
				CLANG_WARN_UNREACHABLE_CODE = YES;
				CLANG_WARN__DUPLICATE_METHOD_MATCH = YES;
				COPY_PHASE_STRIP = NO;
				DEBUG_INFORMATION_FORMAT = dwarf;
				ENABLE_STRICT_OBJC_MSGSEND = YES;
				ENABLE_TESTABILITY = YES;
				GCC_C_LANGUAGE_STANDARD = gnu11;
				GCC_DYNAMIC_NO_PIC = NO;
				GCC_NO_COMMON_BLOCKS = YES;
				GCC_OPTIMIZATION_LEVEL = 0;
				GCC_PREPROCESSOR_DEFINITIONS = (
					"DEBUG=1",
					"$(inherited)",
				);
				GCC_WARN_64_TO_32_BIT_CONVERSION = YES;
				GCC_WARN_ABOUT_RETURN_TYPE = YES_ERROR;
				GCC_WARN_UNDECLARED_SELECTOR = YES;
				GCC_WARN_UNINITIALIZED_AUTOS = YES_AGGRESSIVE;
				GCC_WARN_UNUSED_FUNCTION = YES;
				GCC_WARN_UNUSED_VARIABLE = YES;
				IPHONEOS_DEPLOYMENT_TARGET = 13.2;
				MTL_ENABLE_DEBUG_INFO = INCLUDE_SOURCE;
				MTL_FAST_MATH = YES;
				ONLY_ACTIVE_ARCH = YES;
				SDKROOT = iphoneos;
				SWIFT_ACTIVE_COMPILATION_CONDITIONS = DEBUG;
				SWIFT_OPTIMIZATION_LEVEL = "-Onone";
			};
			name = Debug;
		};
		64F3B01C23BF879000787F49 /* Release */ = {
			isa = XCBuildConfiguration;
			buildSettings = {
				ALWAYS_SEARCH_USER_PATHS = NO;
				CLANG_ANALYZER_NONNULL = YES;
				CLANG_ANALYZER_NUMBER_OBJECT_CONVERSION = YES_AGGRESSIVE;
				CLANG_CXX_LANGUAGE_STANDARD = "gnu++14";
				CLANG_CXX_LIBRARY = "libc++";
				CLANG_ENABLE_MODULES = YES;
				CLANG_ENABLE_OBJC_ARC = YES;
				CLANG_ENABLE_OBJC_WEAK = YES;
				CLANG_WARN_BLOCK_CAPTURE_AUTORELEASING = YES;
				CLANG_WARN_BOOL_CONVERSION = YES;
				CLANG_WARN_COMMA = YES;
				CLANG_WARN_CONSTANT_CONVERSION = YES;
				CLANG_WARN_DEPRECATED_OBJC_IMPLEMENTATIONS = YES;
				CLANG_WARN_DIRECT_OBJC_ISA_USAGE = YES_ERROR;
				CLANG_WARN_DOCUMENTATION_COMMENTS = YES;
				CLANG_WARN_EMPTY_BODY = YES;
				CLANG_WARN_ENUM_CONVERSION = YES;
				CLANG_WARN_INFINITE_RECURSION = YES;
				CLANG_WARN_INT_CONVERSION = YES;
				CLANG_WARN_NON_LITERAL_NULL_CONVERSION = YES;
				CLANG_WARN_OBJC_IMPLICIT_RETAIN_SELF = YES;
				CLANG_WARN_OBJC_LITERAL_CONVERSION = YES;
				CLANG_WARN_OBJC_ROOT_CLASS = YES_ERROR;
				CLANG_WARN_RANGE_LOOP_ANALYSIS = YES;
				CLANG_WARN_STRICT_PROTOTYPES = YES;
				CLANG_WARN_SUSPICIOUS_MOVE = YES;
				CLANG_WARN_UNGUARDED_AVAILABILITY = YES_AGGRESSIVE;
				CLANG_WARN_UNREACHABLE_CODE = YES;
				CLANG_WARN__DUPLICATE_METHOD_MATCH = YES;
				COPY_PHASE_STRIP = NO;
				DEBUG_INFORMATION_FORMAT = "dwarf-with-dsym";
				ENABLE_NS_ASSERTIONS = NO;
				ENABLE_STRICT_OBJC_MSGSEND = YES;
				GCC_C_LANGUAGE_STANDARD = gnu11;
				GCC_NO_COMMON_BLOCKS = YES;
				GCC_WARN_64_TO_32_BIT_CONVERSION = YES;
				GCC_WARN_ABOUT_RETURN_TYPE = YES_ERROR;
				GCC_WARN_UNDECLARED_SELECTOR = YES;
				GCC_WARN_UNINITIALIZED_AUTOS = YES_AGGRESSIVE;
				GCC_WARN_UNUSED_FUNCTION = YES;
				GCC_WARN_UNUSED_VARIABLE = YES;
				IPHONEOS_DEPLOYMENT_TARGET = 13.2;
				MTL_ENABLE_DEBUG_INFO = NO;
				MTL_FAST_MATH = YES;
				SDKROOT = iphoneos;
				SWIFT_COMPILATION_MODE = wholemodule;
				SWIFT_OPTIMIZATION_LEVEL = "-O";
				VALIDATE_PRODUCT = YES;
			};
			name = Release;
		};
		64F3B01E23BF879000787F49 /* Debug */ = {
			isa = XCBuildConfiguration;
			buildSettings = {
				ASSETCATALOG_COMPILER_APPICON_NAME = AppIcon;
				CODE_SIGN_STYLE = Automatic;
				DEVELOPMENT_TEAM = 3K554945HS;
				INFOPLIST_FILE = CoordinatorPlayground/Info.plist;
				LD_RUNPATH_SEARCH_PATHS = (
					"$(inherited)",
					"@executable_path/Frameworks",
				);
				PRODUCT_BUNDLE_IDENTIFIER = com.raphael.CoordinatorPlayground;
				PRODUCT_NAME = "$(TARGET_NAME)";
				SWIFT_VERSION = 5.0;
				TARGETED_DEVICE_FAMILY = "1,2";
			};
			name = Debug;
		};
		64F3B01F23BF879000787F49 /* Release */ = {
			isa = XCBuildConfiguration;
			buildSettings = {
				ASSETCATALOG_COMPILER_APPICON_NAME = AppIcon;
				CODE_SIGN_STYLE = Automatic;
				DEVELOPMENT_TEAM = 3K554945HS;
				INFOPLIST_FILE = CoordinatorPlayground/Info.plist;
				LD_RUNPATH_SEARCH_PATHS = (
					"$(inherited)",
					"@executable_path/Frameworks",
				);
				PRODUCT_BUNDLE_IDENTIFIER = com.raphael.CoordinatorPlayground;
				PRODUCT_NAME = "$(TARGET_NAME)";
				SWIFT_VERSION = 5.0;
				TARGETED_DEVICE_FAMILY = "1,2";
			};
			name = Release;
		};
/* End XCBuildConfiguration section */

/* Begin XCConfigurationList section */
		64F3B00423BF878D00787F49 /* Build configuration list for PBXProject "CoordinatorPlayground" */ = {
			isa = XCConfigurationList;
			buildConfigurations = (
				64F3B01B23BF879000787F49 /* Debug */,
				64F3B01C23BF879000787F49 /* Release */,
			);
			defaultConfigurationIsVisible = 0;
			defaultConfigurationName = Release;
		};
		64F3B01D23BF879000787F49 /* Build configuration list for PBXNativeTarget "CoordinatorPlayground" */ = {
			isa = XCConfigurationList;
			buildConfigurations = (
				64F3B01E23BF879000787F49 /* Debug */,
				64F3B01F23BF879000787F49 /* Release */,
			);
			defaultConfigurationIsVisible = 0;
			defaultConfigurationName = Release;
		};
/* End XCConfigurationList section */
	};
	rootObject = 64F3B00123BF878D00787F49 /* Project object */;
}
